
Microsoft Visual Studio Solution File, Format Version 12.00
# Visual Studio Version 17
VisualStudioVersion = 17.0.32014.148
MinimumVisualStudioVersion = 10.0.40219.1
Project("{9A19103F-16F7-4668-BE54-9A1E7A4F7556}") = "WebApi", "WebApi\WebApi.csproj", "{A5B34F86-D0B3-4478-BF6B-438B1AD7C1E2}"
EndProject
Global
	GlobalSection(SolutionConfigurationPlatforms) = preSolution
		Debug|Any CPU = Debug|Any CPU
		Release|Any CPU = Release|Any CPU
	EndGlobalSection
	GlobalSection(ProjectConfigurationPlatforms) = postSolution
		{A5B34F86-D0B3-4478-BF6B-438B1AD7C1E2}.Debug|Any CPU.ActiveCfg = Debug|Any CPU
		{A5B34F86-D0B3-4478-BF6B-438B1AD7C1E2}.Debug|Any CPU.Build.0 = Debug|Any CPU
		{A5B34F86-D0B3-4478-BF6B-438B1AD7C1E2}.Release|Any CPU.ActiveCfg = Release|Any CPU
		{A5B34F86-D0B3-4478-BF6B-438B1AD7C1E2}.Release|Any CPU.Build.0 = Release|Any CPU
	EndGlobalSection
	GlobalSection(SolutionProperties) = preSolution
		HideSolutionNode = FALSE
	EndGlobalSection
	GlobalSection(ExtensibilityGlobals) = postSolution
		SolutionGuid = {1E6C3BDE-6865-4DAF-ADE8-A9B8486F14F7}
	EndGlobalSection
EndGlobal
